
Microsoft Visual Studio Solution File, Format Version 12.00
# Visual Studio 2012
Project("{FAE04EC0-301F-11D3-BF4B-00C04F79EFBC}") = "MoqPresentation", "MoqPresentation\MoqPresentation.csproj", "{689A1C45-3204-4FD9-8DE2-6276950F3CB2}"
EndProject
Project("{FAE04EC0-301F-11D3-BF4B-00C04F79EFBC}") = "MoqPresentationUnitTest", "MoqPresentationUnitTest\MoqPresentationUnitTest.csproj", "{BCD5515D-D075-49F1-9970-A7D326609A50}"
EndProject
Global
	GlobalSection(SolutionConfigurationPlatforms) = preSolution
		Debug|Any CPU = Debug|Any CPU
		Release|Any CPU = Release|Any CPU
	EndGlobalSection
	GlobalSection(ProjectConfigurationPlatforms) = postSolution
		{689A1C45-3204-4FD9-8DE2-6276950F3CB2}.Debug|Any CPU.ActiveCfg = Debug|Any CPU
		{689A1C45-3204-4FD9-8DE2-6276950F3CB2}.Debug|Any CPU.Build.0 = Debug|Any CPU
		{689A1C45-3204-4FD9-8DE2-6276950F3CB2}.Release|Any CPU.ActiveCfg = Release|Any CPU
		{689A1C45-3204-4FD9-8DE2-6276950F3CB2}.Release|Any CPU.Build.0 = Release|Any CPU
		{BCD5515D-D075-49F1-9970-A7D326609A50}.Debug|Any CPU.ActiveCfg = Debug|Any CPU
		{BCD5515D-D075-49F1-9970-A7D326609A50}.Debug|Any CPU.Build.0 = Debug|Any CPU
		{BCD5515D-D075-49F1-9970-A7D326609A50}.Release|Any CPU.ActiveCfg = Release|Any CPU
		{BCD5515D-D075-49F1-9970-A7D326609A50}.Release|Any CPU.Build.0 = Release|Any CPU
	EndGlobalSection
EndGlobal
